
Microsoft Visual Studio Solution File, Format Version 12.00
# Visual Studio Version 17
VisualStudioVersion = 17.9.34714.143
MinimumVisualStudioVersion = 10.0.40219.1
Project("{FAE04EC0-301F-11D3-BF4B-00C04F79EFBC}") = "Inheritance", "Inheritance\Inheritance.csproj", "{060BD9A5-603D-4AC4-900E-CC9212A44A59}"
EndProject
Global
	GlobalSection(SolutionConfigurationPlatforms) = preSolution
		Debug|Any CPU = Debug|Any CPU
		Release|Any CPU = Release|Any CPU
	EndGlobalSection
	GlobalSection(ProjectConfigurationPlatforms) = postSolution
		{060BD9A5-603D-4AC4-900E-CC9212A44A59}.Debug|Any CPU.ActiveCfg = Debug|Any CPU
		{060BD9A5-603D-4AC4-900E-CC9212A44A59}.Debug|Any CPU.Build.0 = Debug|Any CPU
		{060BD9A5-603D-4AC4-900E-CC9212A44A59}.Release|Any CPU.ActiveCfg = Release|Any CPU
		{060BD9A5-603D-4AC4-900E-CC9212A44A59}.Release|Any CPU.Build.0 = Release|Any CPU
	EndGlobalSection
	GlobalSection(SolutionProperties) = preSolution
		HideSolutionNode = FALSE
	EndGlobalSection
	GlobalSection(ExtensibilityGlobals) = postSolution
		SolutionGuid = {56E4A8F4-AF28-44EE-8BC4-855CB785F29F}
	EndGlobalSection
EndGlobal
